{
    "name": "phpmailer/phpmailer",
    "lockfileVersion": 3,
    "requires": true,
    "packages": {
        "": {
            "name": "phpmailer/phpmailer",
            "funding": [
                {
                    "type": "github",
                    "url": "https://github.com/Synchro"
                }
            ],
            "license": "LGPL-2.1-only"
        }
    }
}
